
Microsoft Visual Studio Solution File, Format Version 12.00
# Visual Studio 15
VisualStudioVersion = 15.0.28307.136
MinimumVisualStudioVersion = 10.0.40219.1
Project("{FAE04EC0-301F-11D3-BF4B-00C04F79EFBC}") = "SchoolJournal", "SchoolJournal\SchoolJournal.csproj", "{80226A1B-C822-4D52-9217-70C101057418}"
EndProject
Global
	GlobalSection(SolutionConfigurationPlatforms) = preSolution
		Debug|Any CPU = Debug|Any CPU
		Release|Any CPU = Release|Any CPU
	EndGlobalSection
	GlobalSection(ProjectConfigurationPlatforms) = postSolution
		{80226A1B-C822-4D52-9217-70C101057418}.Debug|Any CPU.ActiveCfg = Debug|Any CPU
		{80226A1B-C822-4D52-9217-70C101057418}.Debug|Any CPU.Build.0 = Debug|Any CPU
		{80226A1B-C822-4D52-9217-70C101057418}.Release|Any CPU.ActiveCfg = Release|Any CPU
		{80226A1B-C822-4D52-9217-70C101057418}.Release|Any CPU.Build.0 = Release|Any CPU
	EndGlobalSection
	GlobalSection(SolutionProperties) = preSolution
		HideSolutionNode = FALSE
	EndGlobalSection
	GlobalSection(ExtensibilityGlobals) = postSolution
		SolutionGuid = {A127293E-AEBB-4E67-A531-6A12E2B8A917}
	EndGlobalSection
EndGlobal
